{
  "name": "express-typescript-apis",
  "version": "1.0.0",
  "lockfileVersion": 3,
  "requires": true,
  "packages": {
    "": {
      "name": "express-typescript-apis",
      "version": "1.0.0",
      "license": "ISC",
      "dependencies": {
        "bcrypt": "^5.1.1",
        "body-parser": "^1.20.2",
        "cookie-parser": "^1.4.6",
        "cors": "^2.8.5",
        "express": "^4.19.2",
        "lodash": "^4.17.21",
        "mongoose": "^8.5.4"
      },
      "devDependencies": {
        "@types/bcrypt": "^5.0.2",
        "@types/body-parser": "^1.19.5",
        "@types/cookie-parser": "^1.4.7",
        "@types/cors": "^2.8.17",
        "@types/express": "^4.17.21",
        "@types/jsonwebtoken": "^9.0.6",
        "@types/lodash": "^4.17.7",
        "@types/mongoose": "^5.11.97",
        "@types/node": "^22.5.0",
        "nodemon": "^3.1.4",
        "typescript": "^4.9.5"
      }
    },
    "../../node_modules/.pnpm/@types+bcrypt@5.0.2/node_modules/@types/bcrypt": {
      "version": "5.0.2",
      "dev": true,
      "license": "MIT",
      "dependencies": {
        "@types/node": "*"
      }
    },
    "../../node_modules/.pnpm/@types+body-parser@1.19.5/node_modules/@types/body-parser": {
      "version": "1.19.5",
      "dev": true,
      "license": "MIT",
      "dependencies": {
        "@types/connect": "*",
        "@types/node": "*"
      }
    },
    "../../node_modules/.pnpm/@types+cookie-parser@1.4.7/node_modules/@types/cookie-parser": {
      "version": "1.4.7",
      "dev": true,
      "license": "MIT",
      "dependencies": {
        "@types/express": "*"
      }
    },
    "../../node_modules/.pnpm/@types+express@4.17.21/node_modules/@types/express": {
      "version": "4.17.21",
      "dev": true,
      "license": "MIT",
      "dependencies": {
        "@types/body-parser": "*",
        "@types/express-serve-static-core": "^4.17.33",
        "@types/qs": "*",
        "@types/serve-static": "*"
      }
    },
    "../../node_modules/.pnpm/@types+jsonwebtoken@9.0.6/node_modules/@types/jsonwebtoken": {
      "version": "9.0.6",
      "dev": true,
      "license": "MIT",
      "dependencies": {
        "@types/node": "*"
      }
    },
    "../../node_modules/.pnpm/@types+lodash@4.17.7/node_modules/@types/lodash": {
      "version": "4.17.7",
      "dev": true,
      "license": "MIT"
    },
    "../../node_modules/.pnpm/@types+mongoose@5.11.97/node_modules/@types/mongoose": {
      "version": "5.11.97",
      "dev": true,
      "license": "MIT",
      "dependencies": {
        "mongoose": "*"
      }
    },
    "../../node_modules/.pnpm/@types+node@22.5.0/node_modules/@types/node": {
      "version": "22.5.0",
      "dev": true,
      "license": "MIT",
      "dependencies": {
        "undici-types": "~6.19.2"
      }
    },
    "../../node_modules/.pnpm/bcrypt@5.1.1/node_modules/bcrypt": {
      "version": "5.1.1",
      "hasInstallScript": true,
      "license": "MIT",
      "dependencies": {
        "@mapbox/node-pre-gyp": "^1.0.11",
        "node-addon-api": "^5.0.0"
      },
      "devDependencies": {
        "jest": "^29.6.2"
      },
      "engines": {
        "node": ">= 10.0.0"
      }
    },
    "../../node_modules/.pnpm/body-parser@1.20.2/node_modules/body-parser": {
      "version": "1.20.2",
      "license": "MIT",
      "dependencies": {
        "bytes": "3.1.2",
        "content-type": "~1.0.5",
        "debug": "2.6.9",
        "depd": "2.0.0",
        "destroy": "1.2.0",
        "http-errors": "2.0.0",
        "iconv-lite": "0.4.24",
        "on-finished": "2.4.1",
        "qs": "6.11.0",
        "raw-body": "2.5.2",
        "type-is": "~1.6.18",
        "unpipe": "1.0.0"
      },
      "devDependencies": {
        "eslint": "8.34.0",
        "eslint-config-standard": "14.1.1",
        "eslint-plugin-import": "2.27.5",
        "eslint-plugin-markdown": "3.0.0",
        "eslint-plugin-node": "11.1.0",
        "eslint-plugin-promise": "6.1.1",
        "eslint-plugin-standard": "4.1.0",
        "methods": "1.1.2",
        "mocha": "10.2.0",
        "nyc": "15.1.0",
        "safe-buffer": "5.2.1",
        "supertest": "6.3.3"
      },
      "engines": {
        "node": ">= 0.8",
        "npm": "1.2.8000 || >= 1.4.16"
      }
    },
    "../../node_modules/.pnpm/cookie-parser@1.4.6/node_modules/cookie-parser": {
      "version": "1.4.6",
      "license": "MIT",
      "dependencies": {
        "cookie": "0.4.1",
        "cookie-signature": "1.0.6"
      },
      "devDependencies": {
        "eslint": "7.32.0",
        "eslint-config-standard": "14.1.1",
        "eslint-plugin-import": "2.25.2",
        "eslint-plugin-markdown": "2.2.1",
        "eslint-plugin-node": "11.1.0",
        "eslint-plugin-promise": "4.3.1",
        "eslint-plugin-standard": "4.1.0",
        "mocha": "9.1.3",
        "nyc": "15.1.0",
        "supertest": "6.1.6"
      },
      "engines": {
        "node": ">= 0.8.0"
      }
    },
    "../../node_modules/.pnpm/cors@2.8.5/node_modules/cors": {
      "version": "2.8.5",
      "license": "MIT",
      "dependencies": {
        "object-assign": "^4",
        "vary": "^1"
      },
      "devDependencies": {
        "after": "0.8.2",
        "eslint": "2.13.1",
        "express": "4.16.3",
        "mocha": "5.2.0",
        "nyc": "13.1.0",
        "supertest": "3.3.0"
      },
      "engines": {
        "node": ">= 0.10"
      }
    },
    "../../node_modules/.pnpm/express@4.19.2/node_modules/express": {
      "version": "4.19.2",
      "license": "MIT",
      "dependencies": {
        "accepts": "~1.3.8",
        "array-flatten": "1.1.1",
        "body-parser": "1.20.2",
        "content-disposition": "0.5.4",
        "content-type": "~1.0.4",
        "cookie": "0.6.0",
        "cookie-signature": "1.0.6",
        "debug": "2.6.9",
        "depd": "2.0.0",
        "encodeurl": "~1.0.2",
        "escape-html": "~1.0.3",
        "etag": "~1.8.1",
        "finalhandler": "1.2.0",
        "fresh": "0.5.2",
        "http-errors": "2.0.0",
        "merge-descriptors": "1.0.1",
        "methods": "~1.1.2",
        "on-finished": "2.4.1",
        "parseurl": "~1.3.3",
        "path-to-regexp": "0.1.7",
        "proxy-addr": "~2.0.7",
        "qs": "6.11.0",
        "range-parser": "~1.2.1",
        "safe-buffer": "5.2.1",
        "send": "0.18.0",
        "serve-static": "1.15.0",
        "setprototypeof": "1.2.0",
        "statuses": "2.0.1",
        "type-is": "~1.6.18",
        "utils-merge": "1.0.1",
        "vary": "~1.1.2"
      },
      "devDependencies": {
        "after": "0.8.2",
        "connect-redis": "3.4.2",
        "cookie-parser": "1.4.6",
        "cookie-session": "2.0.0",
        "ejs": "3.1.9",
        "eslint": "8.47.0",
        "express-session": "1.17.2",
        "hbs": "4.2.0",
        "marked": "0.7.0",
        "method-override": "3.0.0",
        "mocha": "10.2.0",
        "morgan": "1.10.0",
        "nyc": "15.1.0",
        "pbkdf2-password": "1.2.1",
        "supertest": "6.3.0",
        "vhost": "~3.0.2"
      },
      "engines": {
        "node": ">= 0.10.0"
      }
    },
    "../../node_modules/.pnpm/lodash@4.17.21/node_modules/lodash": {
      "version": "4.17.21",
      "license": "MIT"
    },
    "../../node_modules/.pnpm/mongoose@8.5.4/node_modules/mongoose": {
      "version": "8.5.4",
      "license": "MIT",
      "dependencies": {
        "bson": "^6.7.0",
        "kareem": "2.6.3",
        "mongodb": "6.7.0",
        "mpath": "0.9.0",
        "mquery": "5.0.0",
        "ms": "2.1.3",
        "sift": "17.1.3"
      },
      "devDependencies": {
        "@babel/core": "7.24.7",
        "@babel/preset-env": "7.25.3",
        "@typescript-eslint/eslint-plugin": "^6.21.0",
        "@typescript-eslint/parser": "^6.21.0",
        "acquit": "1.3.0",
        "acquit-ignore": "0.2.1",
        "acquit-require": "0.1.1",
        "assert-browserify": "2.0.0",
        "axios": "1.1.3",
        "babel-loader": "8.2.5",
        "broken-link-checker": "^0.7.8",
        "buffer": "^5.6.0",
        "cheerio": "1.0.0-rc.12",
        "crypto-browserify": "3.12.0",
        "dotenv": "16.4.5",
        "dox": "1.0.0",
        "eslint": "8.57.0",
        "eslint-plugin-markdown": "^5.0.0",
        "eslint-plugin-mocha-no-only": "1.2.0",
        "express": "^4.19.2",
        "fs-extra": "~11.2.0",
        "highlight.js": "11.10.0",
        "lodash.isequal": "4.5.0",
        "lodash.isequalwith": "4.4.0",
        "markdownlint-cli2": "^0.13.0",
        "marked": "14.0.0",
        "mkdirp": "^3.0.1",
        "mocha": "10.7.0",
        "moment": "2.30.1",
        "mongodb-memory-server": "10.0.0",
        "ncp": "^2.0.0",
        "nyc": "15.1.0",
        "pug": "3.0.3",
        "q": "1.5.1",
        "sinon": "18.0.0",
        "stream-browserify": "3.0.0",
        "tsd": "0.31.1",
        "typescript": "5.5.4",
        "uuid": "10.0.0",
        "webpack": "5.93.0"
      },
      "engines": {
        "node": ">=16.20.1"
      },
      "funding": {
        "type": "opencollective",
        "url": "https://opencollective.com/mongoose"
      }
    },
    "../../node_modules/.pnpm/nodemon@3.1.4/node_modules/nodemon": {
      "version": "3.1.4",
      "dev": true,
      "license": "MIT",
      "dependencies": {
        "chokidar": "^3.5.2",
        "debug": "^4",
        "ignore-by-default": "^1.0.1",
        "minimatch": "^3.1.2",
        "pstree.remy": "^1.1.8",
        "semver": "^7.5.3",
        "simple-update-notifier": "^2.0.0",
        "supports-color": "^5.5.0",
        "touch": "^3.1.0",
        "undefsafe": "^2.0.5"
      },
      "bin": {
        "nodemon": "bin/nodemon.js"
      },
      "devDependencies": {
        "@commitlint/cli": "^11.0.0",
        "@commitlint/config-conventional": "^11.0.0",
        "async": "1.4.2",
        "coffee-script": "~1.7.1",
        "eslint": "^7.32.0",
        "husky": "^7.0.4",
        "mocha": "^2.5.3",
        "nyc": "^15.1.0",
        "proxyquire": "^1.8.0",
        "semantic-release": "^18.0.0",
        "should": "~4.0.0"
      },
      "engines": {
        "node": ">=10"
      },
      "funding": {
        "type": "opencollective",
        "url": "https://opencollective.com/nodemon"
      }
    },
    "../../node_modules/.pnpm/typescript@4.9.5/node_modules/typescript": {
      "version": "4.9.5",
      "dev": true,
      "license": "Apache-2.0",
      "bin": {
        "tsc": "bin/tsc",
        "tsserver": "bin/tsserver"
      },
      "devDependencies": {
        "@octokit/rest": "latest",
        "@types/chai": "latest",
        "@types/fancy-log": "^2.0.0",
        "@types/fs-extra": "^9.0.13",
        "@types/glob": "latest",
        "@types/gulp": "^4.0.9",
        "@types/gulp-concat": "latest",
        "@types/gulp-newer": "latest",
        "@types/gulp-rename": "latest",
        "@types/gulp-sourcemaps": "latest",
        "@types/merge2": "latest",
        "@types/microsoft__typescript-etw": "latest",
        "@types/minimist": "latest",
        "@types/mkdirp": "latest",
        "@types/mocha": "latest",
        "@types/ms": "latest",
        "@types/node": "latest",
        "@types/source-map-support": "latest",
        "@types/which": "^2.0.1",
        "@types/xml2js": "^0.4.11",
        "@typescript-eslint/eslint-plugin": "^5.33.1",
        "@typescript-eslint/parser": "^5.33.1",
        "@typescript-eslint/utils": "^5.33.1",
        "azure-devops-node-api": "^11.2.0",
        "chai": "latest",
        "chalk": "^4.1.2",
        "del": "^6.1.1",
        "diff": "^5.1.0",
        "eslint": "^8.22.0",
        "eslint-formatter-autolinkable-stylish": "^1.2.0",
        "eslint-plugin-import": "^2.26.0",
        "eslint-plugin-jsdoc": "^39.3.6",
        "eslint-plugin-local": "^1.0.0",
        "eslint-plugin-no-null": "^1.0.2",
        "fancy-log": "latest",
        "fs-extra": "^9.1.0",
        "glob": "latest",
        "gulp": "^4.0.2",
        "gulp-concat": "latest",
        "gulp-insert": "latest",
        "gulp-newer": "latest",
        "gulp-rename": "latest",
        "gulp-sourcemaps": "latest",
        "merge2": "latest",
        "minimist": "latest",
        "mkdirp": "latest",
        "mocha": "latest",
        "mocha-fivemat-progress-reporter": "latest",
        "ms": "^2.1.3",
        "node-fetch": "^3.2.10",
        "source-map-support": "latest",
        "typescript": "^4.8.4",
        "vinyl": "latest",
        "which": "^2.0.2",
        "xml2js": "^0.4.23"
      },
      "engines": {
        "node": ">=4.2.0"
      }
    },
    "node_modules/@types/bcrypt": {
      "resolved": "../../node_modules/.pnpm/@types+bcrypt@5.0.2/node_modules/@types/bcrypt",
      "link": true
    },
    "node_modules/@types/body-parser": {
      "resolved": "../../node_modules/.pnpm/@types+body-parser@1.19.5/node_modules/@types/body-parser",
      "link": true
    },
    "node_modules/@types/cookie-parser": {
      "resolved": "../../node_modules/.pnpm/@types+cookie-parser@1.4.7/node_modules/@types/cookie-parser",
      "link": true
    },
    "node_modules/@types/cors": {
      "version": "2.8.17",
      "resolved": "https://registry.npmjs.org/@types/cors/-/cors-2.8.17.tgz",
      "integrity": "sha512-8CGDvrBj1zgo2qE+oS3pOCyYNqCPryMWY2bGfwA0dcfopWGgxs+78df0Rs3rc9THP4JkOhLsAa+15VdpAqkcUA==",
      "dev": true,
      "dependencies": {
        "@types/node": "*"
      }
    },
    "node_modules/@types/express": {
      "resolved": "../../node_modules/.pnpm/@types+express@4.17.21/node_modules/@types/express",
      "link": true
    },
    "node_modules/@types/jsonwebtoken": {
      "resolved": "../../node_modules/.pnpm/@types+jsonwebtoken@9.0.6/node_modules/@types/jsonwebtoken",
      "link": true
    },
    "node_modules/@types/lodash": {
      "resolved": "../../node_modules/.pnpm/@types+lodash@4.17.7/node_modules/@types/lodash",
      "link": true
    },
    "node_modules/@types/mongoose": {
      "resolved": "../../node_modules/.pnpm/@types+mongoose@5.11.97/node_modules/@types/mongoose",
      "link": true
    },
    "node_modules/@types/node": {
      "resolved": "../../node_modules/.pnpm/@types+node@22.5.0/node_modules/@types/node",
      "link": true
    },
    "node_modules/bcrypt": {
      "resolved": "../../node_modules/.pnpm/bcrypt@5.1.1/node_modules/bcrypt",
      "link": true
    },
    "node_modules/body-parser": {
      "resolved": "../../node_modules/.pnpm/body-parser@1.20.2/node_modules/body-parser",
      "link": true
    },
    "node_modules/cookie-parser": {
      "resolved": "../../node_modules/.pnpm/cookie-parser@1.4.6/node_modules/cookie-parser",
      "link": true
    },
    "node_modules/cors": {
      "resolved": "../../node_modules/.pnpm/cors@2.8.5/node_modules/cors",
      "link": true
    },
    "node_modules/express": {
      "resolved": "../../node_modules/.pnpm/express@4.19.2/node_modules/express",
      "link": true
    },
    "node_modules/lodash": {
      "resolved": "../../node_modules/.pnpm/lodash@4.17.21/node_modules/lodash",
      "link": true
    },
    "node_modules/mongoose": {
      "resolved": "../../node_modules/.pnpm/mongoose@8.5.4/node_modules/mongoose",
      "link": true
    },
    "node_modules/nodemon": {
      "resolved": "../../node_modules/.pnpm/nodemon@3.1.4/node_modules/nodemon",
      "link": true
    },
    "node_modules/typescript": {
      "resolved": "../../node_modules/.pnpm/typescript@4.9.5/node_modules/typescript",
      "link": true
    }
  }
}
